// !$*UTF8*$!
{
	archiveVersion = 1;
	classes = {
	};
	objectVersion = 50;
	objects = {

/* Begin PBXBuildFile section */
		966CEA0324FC57DA006A1328 /* AppDelegate.swift in Sources */ = {isa = PBXBuildFile; fileRef = 966CEA0224FC57DA006A1328 /* AppDelegate.swift */; };
		966CEA0524FC57DA006A1328 /* SceneDelegate.swift in Sources */ = {isa = PBXBuildFile; fileRef = 966CEA0424FC57DA006A1328 /* SceneDelegate.swift */; };
		966CEA0724FC57DA006A1328 /* LoginSignupController.swift in Sources */ = {isa = PBXBuildFile; fileRef = 966CEA0624FC57DA006A1328 /* LoginSignupController.swift */; };
		966CEA0A24FC57DA006A1328 /* Main.storyboard in Resources */ = {isa = PBXBuildFile; fileRef = 966CEA0824FC57DA006A1328 /* Main.storyboard */; };
		966CEA0C24FC57DD006A1328 /* Assets.xcassets in Resources */ = {isa = PBXBuildFile; fileRef = 966CEA0B24FC57DD006A1328 /* Assets.xcassets */; };
		966CEA0F24FC57DD006A1328 /* LaunchScreen.storyboard in Resources */ = {isa = PBXBuildFile; fileRef = 966CEA0D24FC57DD006A1328 /* LaunchScreen.storyboard */; };
		966CEA2B24FC7092006A1328 /* Jost-Bold.ttf in Resources */ = {isa = PBXBuildFile; fileRef = 966CEA1924FC7090006A1328 /* Jost-Bold.ttf */; };
		966CEA2C24FC7092006A1328 /* Jost-ExtraBold.ttf in Resources */ = {isa = PBXBuildFile; fileRef = 966CEA1A24FC7090006A1328 /* Jost-ExtraBold.ttf */; };
		966CEA2D24FC7092006A1328 /* Jost-BlackItalic.ttf in Resources */ = {isa = PBXBuildFile; fileRef = 966CEA1B24FC7090006A1328 /* Jost-BlackItalic.ttf */; };
		966CEA2E24FC7092006A1328 /* Jost-BoldItalic.ttf in Resources */ = {isa = PBXBuildFile; fileRef = 966CEA1C24FC7090006A1328 /* Jost-BoldItalic.ttf */; };
		966CEA2F24FC7092006A1328 /* Jost-Thin.ttf in Resources */ = {isa = PBXBuildFile; fileRef = 966CEA1D24FC7090006A1328 /* Jost-Thin.ttf */; };
		966CEA3024FC7092006A1328 /* Jost-SemiBoldItalic.ttf in Resources */ = {isa = PBXBuildFile; fileRef = 966CEA1E24FC7091006A1328 /* Jost-SemiBoldItalic.ttf */; };
		966CEA3124FC7092006A1328 /* Jost-Medium.ttf in Resources */ = {isa = PBXBuildFile; fileRef = 966CEA1F24FC7091006A1328 /* Jost-Medium.ttf */; };
		966CEA3224FC7092006A1328 /* Jost-ExtraLight.ttf in Resources */ = {isa = PBXBuildFile; fileRef = 966CEA2024FC7091006A1328 /* Jost-ExtraLight.ttf */; };
		966CEA3324FC7092006A1328 /* Jost-Regular.ttf in Resources */ = {isa = PBXBuildFile; fileRef = 966CEA2124FC7091006A1328 /* Jost-Regular.ttf */; };
		966CEA3424FC7092006A1328 /* Jost-ExtraBoldItalic.ttf in Resources */ = {isa = PBXBuildFile; fileRef = 966CEA2224FC7091006A1328 /* Jost-ExtraBoldItalic.ttf */; };
		966CEA3524FC7092006A1328 /* Jost-Black.ttf in Resources */ = {isa = PBXBuildFile; fileRef = 966CEA2324FC7091006A1328 /* Jost-Black.ttf */; };
		966CEA3624FC7092006A1328 /* Jost-ExtraLightItalic.ttf in Resources */ = {isa = PBXBuildFile; fileRef = 966CEA2424FC7091006A1328 /* Jost-ExtraLightItalic.ttf */; };
		966CEA3724FC7092006A1328 /* Jost-SemiBold.ttf in Resources */ = {isa = PBXBuildFile; fileRef = 966CEA2524FC7091006A1328 /* Jost-SemiBold.ttf */; };
		966CEA3824FC7092006A1328 /* Jost-Light.ttf in Resources */ = {isa = PBXBuildFile; fileRef = 966CEA2624FC7091006A1328 /* Jost-Light.ttf */; };
		966CEA3924FC7092006A1328 /* Jost-LightItalic.ttf in Resources */ = {isa = PBXBuildFile; fileRef = 966CEA2724FC7091006A1328 /* Jost-LightItalic.ttf */; };
		966CEA3A24FC7092006A1328 /* Jost-ThinItalic.ttf in Resources */ = {isa = PBXBuildFile; fileRef = 966CEA2824FC7091006A1328 /* Jost-ThinItalic.ttf */; };
		966CEA3B24FC7092006A1328 /* Jost-Italic.ttf in Resources */ = {isa = PBXBuildFile; fileRef = 966CEA2924FC7091006A1328 /* Jost-Italic.ttf */; };
		966CEA3C24FC7092006A1328 /* Jost-MediumItalic.ttf in Resources */ = {isa = PBXBuildFile; fileRef = 966CEA2A24FC7092006A1328 /* Jost-MediumItalic.ttf */; };
/* End PBXBuildFile section */

/* Begin PBXFileReference section */
		966CE9FF24FC57DA006A1328 /* Resound.app */ = {isa = PBXFileReference; explicitFileType = wrapper.application; includeInIndex = 0; path = Resound.app; sourceTree = BUILT_PRODUCTS_DIR; };
		966CEA0224FC57DA006A1328 /* AppDelegate.swift */ = {isa = PBXFileReference; lastKnownFileType = sourcecode.swift; path = AppDelegate.swift; sourceTree = "<group>"; };
		966CEA0424FC57DA006A1328 /* SceneDelegate.swift */ = {isa = PBXFileReference; lastKnownFileType = sourcecode.swift; path = SceneDelegate.swift; sourceTree = "<group>"; };
		966CEA0624FC57DA006A1328 /* LoginSignupController.swift */ = {isa = PBXFileReference; lastKnownFileType = sourcecode.swift; path = LoginSignupController.swift; sourceTree = "<group>"; };
		966CEA0924FC57DA006A1328 /* Base */ = {isa = PBXFileReference; lastKnownFileType = file.storyboard; name = Base; path = Base.lproj/Main.storyboard; sourceTree = "<group>"; };
		966CEA0B24FC57DD006A1328 /* Assets.xcassets */ = {isa = PBXFileReference; lastKnownFileType = folder.assetcatalog; path = Assets.xcassets; sourceTree = "<group>"; };
		966CEA0E24FC57DD006A1328 /* Base */ = {isa = PBXFileReference; lastKnownFileType = file.storyboard; name = Base; path = Base.lproj/LaunchScreen.storyboard; sourceTree = "<group>"; };
		966CEA1024FC57DD006A1328 /* Info.plist */ = {isa = PBXFileReference; lastKnownFileType = text.plist.xml; path = Info.plist; sourceTree = "<group>"; };
		966CEA1924FC7090006A1328 /* Jost-Bold.ttf */ = {isa = PBXFileReference; lastKnownFileType = file; path = "Jost-Bold.ttf"; sourceTree = "<group>"; };
		966CEA1A24FC7090006A1328 /* Jost-ExtraBold.ttf */ = {isa = PBXFileReference; lastKnownFileType = file; path = "Jost-ExtraBold.ttf"; sourceTree = "<group>"; };
		966CEA1B24FC7090006A1328 /* Jost-BlackItalic.ttf */ = {isa = PBXFileReference; lastKnownFileType = file; path = "Jost-BlackItalic.ttf"; sourceTree = "<group>"; };
		966CEA1C24FC7090006A1328 /* Jost-BoldItalic.ttf */ = {isa = PBXFileReference; lastKnownFileType = file; path = "Jost-BoldItalic.ttf"; sourceTree = "<group>"; };
		966CEA1D24FC7090006A1328 /* Jost-Thin.ttf */ = {isa = PBXFileReference; lastKnownFileType = file; path = "Jost-Thin.ttf"; sourceTree = "<group>"; };
		966CEA1E24FC7091006A1328 /* Jost-SemiBoldItalic.ttf */ = {isa = PBXFileReference; lastKnownFileType = file; path = "Jost-SemiBoldItalic.ttf"; sourceTree = "<group>"; };
		966CEA1F24FC7091006A1328 /* Jost-Medium.ttf */ = {isa = PBXFileReference; lastKnownFileType = file; path = "Jost-Medium.ttf"; sourceTree = "<group>"; };
		966CEA2024FC7091006A1328 /* Jost-ExtraLight.ttf */ = {isa = PBXFileReference; lastKnownFileType = file; path = "Jost-ExtraLight.ttf"; sourceTree = "<group>"; };
		966CEA2124FC7091006A1328 /* Jost-Regular.ttf */ = {isa = PBXFileReference; lastKnownFileType = file; path = "Jost-Regular.ttf"; sourceTree = "<group>"; };
		966CEA2224FC7091006A1328 /* Jost-ExtraBoldItalic.ttf */ = {isa = PBXFileReference; lastKnownFileType = file; path = "Jost-ExtraBoldItalic.ttf"; sourceTree = "<group>"; };
		966CEA2324FC7091006A1328 /* Jost-Black.ttf */ = {isa = PBXFileReference; lastKnownFileType = file; path = "Jost-Black.ttf"; sourceTree = "<group>"; };
		966CEA2424FC7091006A1328 /* Jost-ExtraLightItalic.ttf */ = {isa = PBXFileReference; lastKnownFileType = file; path = "Jost-ExtraLightItalic.ttf"; sourceTree = "<group>"; };
		966CEA2524FC7091006A1328 /* Jost-SemiBold.ttf */ = {isa = PBXFileReference; lastKnownFileType = file; path = "Jost-SemiBold.ttf"; sourceTree = "<group>"; };
		966CEA2624FC7091006A1328 /* Jost-Light.ttf */ = {isa = PBXFileReference; lastKnownFileType = file; path = "Jost-Light.ttf"; sourceTree = "<group>"; };
		966CEA2724FC7091006A1328 /* Jost-LightItalic.ttf */ = {isa = PBXFileReference; lastKnownFileType = file; path = "Jost-LightItalic.ttf"; sourceTree = "<group>"; };
		966CEA2824FC7091006A1328 /* Jost-ThinItalic.ttf */ = {isa = PBXFileReference; lastKnownFileType = file; path = "Jost-ThinItalic.ttf"; sourceTree = "<group>"; };
		966CEA2924FC7091006A1328 /* Jost-Italic.ttf */ = {isa = PBXFileReference; lastKnownFileType = file; path = "Jost-Italic.ttf"; sourceTree = "<group>"; };
		966CEA2A24FC7092006A1328 /* Jost-MediumItalic.ttf */ = {isa = PBXFileReference; lastKnownFileType = file; path = "Jost-MediumItalic.ttf"; sourceTree = "<group>"; };
/* End PBXFileReference section */

/* Begin PBXFrameworksBuildPhase section */
		966CE9FC24FC57DA006A1328 /* Frameworks */ = {
			isa = PBXFrameworksBuildPhase;
			buildActionMask = 2147483647;
			files = (
			);
			runOnlyForDeploymentPostprocessing = 0;
		};
/* End PBXFrameworksBuildPhase section */

/* Begin PBXGroup section */
		966CE9F624FC57DA006A1328 = {
			isa = PBXGroup;
			children = (
				966CEA0124FC57DA006A1328 /* Resound */,
				966CEA0024FC57DA006A1328 /* Products */,
			);
			sourceTree = "<group>";
		};
		966CEA0024FC57DA006A1328 /* Products */ = {
			isa = PBXGroup;
			children = (
				966CE9FF24FC57DA006A1328 /* Resound.app */,
			);
			name = Products;
			sourceTree = "<group>";
		};
		966CEA0124FC57DA006A1328 /* Resound */ = {
			isa = PBXGroup;
			children = (
				966CEA1824FC704A006A1328 /* Fonts */,
				966CEA1724FC65A2006A1328 /* Storyboards */,
				966CEA1624FC6466006A1328 /* Controllers */,
				966CEA0224FC57DA006A1328 /* AppDelegate.swift */,
				966CEA0424FC57DA006A1328 /* SceneDelegate.swift */,
				966CEA0B24FC57DD006A1328 /* Assets.xcassets */,
				966CEA1024FC57DD006A1328 /* Info.plist */,
			);
			path = Resound;
			sourceTree = "<group>";
		};
		966CEA1624FC6466006A1328 /* Controllers */ = {
			isa = PBXGroup;
			children = (
				966CEA0624FC57DA006A1328 /* LoginSignupController.swift */,
			);
			path = Controllers;
			sourceTree = "<group>";
		};
		966CEA1724FC65A2006A1328 /* Storyboards */ = {
			isa = PBXGroup;
			children = (
				966CEA0824FC57DA006A1328 /* Main.storyboard */,
				966CEA0D24FC57DD006A1328 /* LaunchScreen.storyboard */,
			);
			path = Storyboards;
			sourceTree = "<group>";
		};
		966CEA1824FC704A006A1328 /* Fonts */ = {
			isa = PBXGroup;
			children = (
				966CEA2324FC7091006A1328 /* Jost-Black.ttf */,
				966CEA1B24FC7090006A1328 /* Jost-BlackItalic.ttf */,
				966CEA1924FC7090006A1328 /* Jost-Bold.ttf */,
				966CEA1C24FC7090006A1328 /* Jost-BoldItalic.ttf */,
				966CEA1A24FC7090006A1328 /* Jost-ExtraBold.ttf */,
				966CEA2224FC7091006A1328 /* Jost-ExtraBoldItalic.ttf */,
				966CEA2024FC7091006A1328 /* Jost-ExtraLight.ttf */,
				966CEA2424FC7091006A1328 /* Jost-ExtraLightItalic.ttf */,
				966CEA2924FC7091006A1328 /* Jost-Italic.ttf */,
				966CEA2624FC7091006A1328 /* Jost-Light.ttf */,
				966CEA2724FC7091006A1328 /* Jost-LightItalic.ttf */,
				966CEA1F24FC7091006A1328 /* Jost-Medium.ttf */,
				966CEA2A24FC7092006A1328 /* Jost-MediumItalic.ttf */,
				966CEA2124FC7091006A1328 /* Jost-Regular.ttf */,
				966CEA2524FC7091006A1328 /* Jost-SemiBold.ttf */,
				966CEA1E24FC7091006A1328 /* Jost-SemiBoldItalic.ttf */,
				966CEA1D24FC7090006A1328 /* Jost-Thin.ttf */,
				966CEA2824FC7091006A1328 /* Jost-ThinItalic.ttf */,
			);
			path = Fonts;
			sourceTree = "<group>";
		};
/* End PBXGroup section */

/* Begin PBXNativeTarget section */
		966CE9FE24FC57DA006A1328 /* Resound */ = {
			isa = PBXNativeTarget;
			buildConfigurationList = 966CEA1324FC57DD006A1328 /* Build configuration list for PBXNativeTarget "Resound" */;
			buildPhases = (
				966CE9FB24FC57DA006A1328 /* Sources */,
				966CE9FC24FC57DA006A1328 /* Frameworks */,
				966CE9FD24FC57DA006A1328 /* Resources */,
			);
			buildRules = (
			);
			dependencies = (
			);
			name = Resound;
			productName = Resound;
			productReference = 966CE9FF24FC57DA006A1328 /* Resound.app */;
			productType = "com.apple.product-type.application";
		};
/* End PBXNativeTarget section */

/* Begin PBXProject section */
		966CE9F724FC57DA006A1328 /* Project object */ = {
			isa = PBXProject;
			attributes = {
				LastSwiftUpdateCheck = 1160;
				LastUpgradeCheck = 1160;
				ORGANIZATIONNAME = "Zachary Chang";
				TargetAttributes = {
					966CE9FE24FC57DA006A1328 = {
						CreatedOnToolsVersion = 11.6;
					};
				};
			};
			buildConfigurationList = 966CE9FA24FC57DA006A1328 /* Build configuration list for PBXProject "Resound" */;
			compatibilityVersion = "Xcode 9.3";
			developmentRegion = en;
			hasScannedForEncodings = 0;
			knownRegions = (
				en,
				Base,
			);
			mainGroup = 966CE9F624FC57DA006A1328;
			productRefGroup = 966CEA0024FC57DA006A1328 /* Products */;
			projectDirPath = "";
			projectRoot = "";
			targets = (
				966CE9FE24FC57DA006A1328 /* Resound */,
			);
		};
/* End PBXProject section */

/* Begin PBXResourcesBuildPhase section */
		966CE9FD24FC57DA006A1328 /* Resources */ = {
			isa = PBXResourcesBuildPhase;
			buildActionMask = 2147483647;
			files = (
				966CEA3524FC7092006A1328 /* Jost-Black.ttf in Resources */,
				966CEA3824FC7092006A1328 /* Jost-Light.ttf in Resources */,
				966CEA3024FC7092006A1328 /* Jost-SemiBoldItalic.ttf in Resources */,
				966CEA3224FC7092006A1328 /* Jost-ExtraLight.ttf in Resources */,
				966CEA0F24FC57DD006A1328 /* LaunchScreen.storyboard in Resources */,
				966CEA2F24FC7092006A1328 /* Jost-Thin.ttf in Resources */,
				966CEA3124FC7092006A1328 /* Jost-Medium.ttf in Resources */,
				966CEA2C24FC7092006A1328 /* Jost-ExtraBold.ttf in Resources */,
				966CEA3624FC7092006A1328 /* Jost-ExtraLightItalic.ttf in Resources */,
				966CEA3924FC7092006A1328 /* Jost-LightItalic.ttf in Resources */,
				966CEA3424FC7092006A1328 /* Jost-ExtraBoldItalic.ttf in Resources */,
				966CEA3724FC7092006A1328 /* Jost-SemiBold.ttf in Resources */,
				966CEA0C24FC57DD006A1328 /* Assets.xcassets in Resources */,
				966CEA0A24FC57DA006A1328 /* Main.storyboard in Resources */,
				966CEA3A24FC7092006A1328 /* Jost-ThinItalic.ttf in Resources */,
				966CEA2D24FC7092006A1328 /* Jost-BlackItalic.ttf in Resources */,
				966CEA2B24FC7092006A1328 /* Jost-Bold.ttf in Resources */,
				966CEA2E24FC7092006A1328 /* Jost-BoldItalic.ttf in Resources */,
				966CEA3B24FC7092006A1328 /* Jost-Italic.ttf in Resources */,
				966CEA3324FC7092006A1328 /* Jost-Regular.ttf in Resources */,
				966CEA3C24FC7092006A1328 /* Jost-MediumItalic.ttf in Resources */,
			);
			runOnlyForDeploymentPostprocessing = 0;
		};
/* End PBXResourcesBuildPhase section */

/* Begin PBXSourcesBuildPhase section */
		966CE9FB24FC57DA006A1328 /* Sources */ = {
			isa = PBXSourcesBuildPhase;
			buildActionMask = 2147483647;
			files = (
				966CEA0724FC57DA006A1328 /* LoginSignupController.swift in Sources */,
				966CEA0324FC57DA006A1328 /* AppDelegate.swift in Sources */,
				966CEA0524FC57DA006A1328 /* SceneDelegate.swift in Sources */,
			);
			runOnlyForDeploymentPostprocessing = 0;
		};
/* End PBXSourcesBuildPhase section */

/* Begin PBXVariantGroup section */
		966CEA0824FC57DA006A1328 /* Main.storyboard */ = {
			isa = PBXVariantGroup;
			children = (
				966CEA0924FC57DA006A1328 /* Base */,
			);
			name = Main.storyboard;
			sourceTree = "<group>";
		};
		966CEA0D24FC57DD006A1328 /* LaunchScreen.storyboard */ = {
			isa = PBXVariantGroup;
			children = (
				966CEA0E24FC57DD006A1328 /* Base */,
			);
			name = LaunchScreen.storyboard;
			sourceTree = "<group>";
		};
/* End PBXVariantGroup section */

/* Begin XCBuildConfiguration section */
		966CEA1124FC57DD006A1328 /* Debug */ = {
			isa = XCBuildConfiguration;
			buildSettings = {
				ALWAYS_SEARCH_USER_PATHS = NO;
				CLANG_ANALYZER_NONNULL = YES;
				CLANG_ANALYZER_NUMBER_OBJECT_CONVERSION = YES_AGGRESSIVE;
				CLANG_CXX_LANGUAGE_STANDARD = "gnu++14";
				CLANG_CXX_LIBRARY = "libc++";
				CLANG_ENABLE_MODULES = YES;
				CLANG_ENABLE_OBJC_ARC = YES;
				CLANG_ENABLE_OBJC_WEAK = YES;
				CLANG_WARN_BLOCK_CAPTURE_AUTORELEASING = YES;
				CLANG_WARN_BOOL_CONVERSION = YES;
				CLANG_WARN_COMMA = YES;
				CLANG_WARN_CONSTANT_CONVERSION = YES;
				CLANG_WARN_DEPRECATED_OBJC_IMPLEMENTATIONS = YES;
				CLANG_WARN_DIRECT_OBJC_ISA_USAGE = YES_ERROR;
				CLANG_WARN_DOCUMENTATION_COMMENTS = YES;
				CLANG_WARN_EMPTY_BODY = YES;
				CLANG_WARN_ENUM_CONVERSION = YES;
				CLANG_WARN_INFINITE_RECURSION = YES;
				CLANG_WARN_INT_CONVERSION = YES;
				CLANG_WARN_NON_LITERAL_NULL_CONVERSION = YES;
				CLANG_WARN_OBJC_IMPLICIT_RETAIN_SELF = YES;
				CLANG_WARN_OBJC_LITERAL_CONVERSION = YES;
				CLANG_WARN_OBJC_ROOT_CLASS = YES_ERROR;
				CLANG_WARN_RANGE_LOOP_ANALYSIS = YES;
				CLANG_WARN_STRICT_PROTOTYPES = YES;
				CLANG_WARN_SUSPICIOUS_MOVE = YES;
				CLANG_WARN_UNGUARDED_AVAILABILITY = YES_AGGRESSIVE;
				CLANG_WARN_UNREACHABLE_CODE = YES;
				CLANG_WARN__DUPLICATE_METHOD_MATCH = YES;
				COPY_PHASE_STRIP = NO;
				DEBUG_INFORMATION_FORMAT = dwarf;
				ENABLE_STRICT_OBJC_MSGSEND = YES;
				ENABLE_TESTABILITY = YES;
				GCC_C_LANGUAGE_STANDARD = gnu11;
				GCC_DYNAMIC_NO_PIC = NO;
				GCC_NO_COMMON_BLOCKS = YES;
				GCC_OPTIMIZATION_LEVEL = 0;
				GCC_PREPROCESSOR_DEFINITIONS = (
					"DEBUG=1",
					"$(inherited)",
				);
				GCC_WARN_64_TO_32_BIT_CONVERSION = YES;
				GCC_WARN_ABOUT_RETURN_TYPE = YES_ERROR;
				GCC_WARN_UNDECLARED_SELECTOR = YES;
				GCC_WARN_UNINITIALIZED_AUTOS = YES_AGGRESSIVE;
				GCC_WARN_UNUSED_FUNCTION = YES;
				GCC_WARN_UNUSED_VARIABLE = YES;
				IPHONEOS_DEPLOYMENT_TARGET = 13.6;
				MTL_ENABLE_DEBUG_INFO = INCLUDE_SOURCE;
				MTL_FAST_MATH = YES;
				ONLY_ACTIVE_ARCH = YES;
				SDKROOT = iphoneos;
				SWIFT_ACTIVE_COMPILATION_CONDITIONS = DEBUG;
				SWIFT_OPTIMIZATION_LEVEL = "-Onone";
			};
			name = Debug;
		};
		966CEA1224FC57DD006A1328 /* Release */ = {
			isa = XCBuildConfiguration;
			buildSettings = {
				ALWAYS_SEARCH_USER_PATHS = NO;
				CLANG_ANALYZER_NONNULL = YES;
				CLANG_ANALYZER_NUMBER_OBJECT_CONVERSION = YES_AGGRESSIVE;
				CLANG_CXX_LANGUAGE_STANDARD = "gnu++14";
				CLANG_CXX_LIBRARY = "libc++";
				CLANG_ENABLE_MODULES = YES;
				CLANG_ENABLE_OBJC_ARC = YES;
				CLANG_ENABLE_OBJC_WEAK = YES;
				CLANG_WARN_BLOCK_CAPTURE_AUTORELEASING = YES;
				CLANG_WARN_BOOL_CONVERSION = YES;
				CLANG_WARN_COMMA = YES;
				CLANG_WARN_CONSTANT_CONVERSION = YES;
				CLANG_WARN_DEPRECATED_OBJC_IMPLEMENTATIONS = YES;
				CLANG_WARN_DIRECT_OBJC_ISA_USAGE = YES_ERROR;
				CLANG_WARN_DOCUMENTATION_COMMENTS = YES;
				CLANG_WARN_EMPTY_BODY = YES;
				CLANG_WARN_ENUM_CONVERSION = YES;
				CLANG_WARN_INFINITE_RECURSION = YES;
				CLANG_WARN_INT_CONVERSION = YES;
				CLANG_WARN_NON_LITERAL_NULL_CONVERSION = YES;
				CLANG_WARN_OBJC_IMPLICIT_RETAIN_SELF = YES;
				CLANG_WARN_OBJC_LITERAL_CONVERSION = YES;
				CLANG_WARN_OBJC_ROOT_CLASS = YES_ERROR;
				CLANG_WARN_RANGE_LOOP_ANALYSIS = YES;
				CLANG_WARN_STRICT_PROTOTYPES = YES;
				CLANG_WARN_SUSPICIOUS_MOVE = YES;
				CLANG_WARN_UNGUARDED_AVAILABILITY = YES_AGGRESSIVE;
				CLANG_WARN_UNREACHABLE_CODE = YES;
				CLANG_WARN__DUPLICATE_METHOD_MATCH = YES;
				COPY_PHASE_STRIP = NO;
				DEBUG_INFORMATION_FORMAT = "dwarf-with-dsym";
				ENABLE_NS_ASSERTIONS = NO;
				ENABLE_STRICT_OBJC_MSGSEND = YES;
				GCC_C_LANGUAGE_STANDARD = gnu11;
				GCC_NO_COMMON_BLOCKS = YES;
				GCC_WARN_64_TO_32_BIT_CONVERSION = YES;
				GCC_WARN_ABOUT_RETURN_TYPE = YES_ERROR;
				GCC_WARN_UNDECLARED_SELECTOR = YES;
				GCC_WARN_UNINITIALIZED_AUTOS = YES_AGGRESSIVE;
				GCC_WARN_UNUSED_FUNCTION = YES;
				GCC_WARN_UNUSED_VARIABLE = YES;
				IPHONEOS_DEPLOYMENT_TARGET = 13.6;
				MTL_ENABLE_DEBUG_INFO = NO;
				MTL_FAST_MATH = YES;
				SDKROOT = iphoneos;
				SWIFT_COMPILATION_MODE = wholemodule;
				SWIFT_OPTIMIZATION_LEVEL = "-O";
				VALIDATE_PRODUCT = YES;
			};
			name = Release;
		};
		966CEA1424FC57DD006A1328 /* Debug */ = {
			isa = XCBuildConfiguration;
			buildSettings = {
				ASSETCATALOG_COMPILER_APPICON_NAME = AppIcon;
				CODE_SIGN_STYLE = Automatic;
				DEVELOPMENT_TEAM = 4S8QVBQ53P;
				INFOPLIST_FILE = Resound/Info.plist;
				LD_RUNPATH_SEARCH_PATHS = (
					"$(inherited)",
					"@executable_path/Frameworks",
				);
				PRODUCT_BUNDLE_IDENTIFIER = com.ZacharyChang.Resound;
				PRODUCT_NAME = "$(TARGET_NAME)";
				SWIFT_VERSION = 5.0;
				TARGETED_DEVICE_FAMILY = "1,2";
			};
			name = Debug;
		};
		966CEA1524FC57DD006A1328 /* Release */ = {
			isa = XCBuildConfiguration;
			buildSettings = {
				ASSETCATALOG_COMPILER_APPICON_NAME = AppIcon;
				CODE_SIGN_STYLE = Automatic;
				DEVELOPMENT_TEAM = 4S8QVBQ53P;
				INFOPLIST_FILE = Resound/Info.plist;
				LD_RUNPATH_SEARCH_PATHS = (
					"$(inherited)",
					"@executable_path/Frameworks",
				);
				PRODUCT_BUNDLE_IDENTIFIER = com.ZacharyChang.Resound;
				PRODUCT_NAME = "$(TARGET_NAME)";
				SWIFT_VERSION = 5.0;
				TARGETED_DEVICE_FAMILY = "1,2";
			};
			name = Release;
		};
/* End XCBuildConfiguration section */

/* Begin XCConfigurationList section */
		966CE9FA24FC57DA006A1328 /* Build configuration list for PBXProject "Resound" */ = {
			isa = XCConfigurationList;
			buildConfigurations = (
				966CEA1124FC57DD006A1328 /* Debug */,
				966CEA1224FC57DD006A1328 /* Release */,
			);
			defaultConfigurationIsVisible = 0;
			defaultConfigurationName = Release;
		};
		966CEA1324FC57DD006A1328 /* Build configuration list for PBXNativeTarget "Resound" */ = {
			isa = XCConfigurationList;
			buildConfigurations = (
				966CEA1424FC57DD006A1328 /* Debug */,
				966CEA1524FC57DD006A1328 /* Release */,
			);
			defaultConfigurationIsVisible = 0;
			defaultConfigurationName = Release;
		};
/* End XCConfigurationList section */
	};
	rootObject = 966CE9F724FC57DA006A1328 /* Project object */;
}
